
Microsoft Visual Studio Solution File, Format Version 12.00
# Visual Studio 2017
Project("{FAE04EC0-301F-11D3-BF4B-00C04F79EFBC}") = "Sci Fi Rune Goldstein_FINAL.Plugins", "Sci Fi Rune Goldstein_FINAL.Plugins.csproj", "{A6B47B69-6B0F-E2C7-C59C-CF2494D37549}"
EndProject
Project("{FAE04EC0-301F-11D3-BF4B-00C04F79EFBC}") = "Sci Fi Rune Goldstein_FINAL", "Sci Fi Rune Goldstein_FINAL.csproj", "{6B3AAD43-40E6-DEFF-8B78-0A4012575812}"
EndProject
Project("{FAE04EC0-301F-11D3-BF4B-00C04F79EFBC}") = "Sci Fi Rune Goldstein_FINAL.Editor", "Sci Fi Rune Goldstein_FINAL.Editor.csproj", "{F8B19CA7-9245-E1F5-431F-339135D98B5F}"
EndProject
Global
	GlobalSection(SolutionConfigurationPlatforms) = preSolution
		Debug|Any CPU = Debug|Any CPU
		Release|Any CPU = Release|Any CPU
	EndGlobalSection
	GlobalSection(ProjectConfigurationPlatforms) = postSolution
		{A6B47B69-6B0F-E2C7-C59C-CF2494D37549}.Debug|Any CPU.ActiveCfg = Debug|Any CPU
		{A6B47B69-6B0F-E2C7-C59C-CF2494D37549}.Debug|Any CPU.Build.0 = Debug|Any CPU
		{A6B47B69-6B0F-E2C7-C59C-CF2494D37549}.Release|Any CPU.ActiveCfg = Release|Any CPU
		{A6B47B69-6B0F-E2C7-C59C-CF2494D37549}.Release|Any CPU.Build.0 = Release|Any CPU
		{6B3AAD43-40E6-DEFF-8B78-0A4012575812}.Debug|Any CPU.ActiveCfg = Debug|Any CPU
		{6B3AAD43-40E6-DEFF-8B78-0A4012575812}.Debug|Any CPU.Build.0 = Debug|Any CPU
		{6B3AAD43-40E6-DEFF-8B78-0A4012575812}.Release|Any CPU.ActiveCfg = Release|Any CPU
		{6B3AAD43-40E6-DEFF-8B78-0A4012575812}.Release|Any CPU.Build.0 = Release|Any CPU
		{F8B19CA7-9245-E1F5-431F-339135D98B5F}.Debug|Any CPU.ActiveCfg = Debug|Any CPU
		{F8B19CA7-9245-E1F5-431F-339135D98B5F}.Debug|Any CPU.Build.0 = Debug|Any CPU
		{F8B19CA7-9245-E1F5-431F-339135D98B5F}.Release|Any CPU.ActiveCfg = Release|Any CPU
		{F8B19CA7-9245-E1F5-431F-339135D98B5F}.Release|Any CPU.Build.0 = Release|Any CPU
	EndGlobalSection
	GlobalSection(SolutionProperties) = preSolution
		HideSolutionNode = FALSE
	EndGlobalSection
EndGlobal
